
Microsoft Visual Studio Solution File, Format Version 12.00
# Visual Studio Version 16
VisualStudioVersion = 16.0.31205.134
MinimumVisualStudioVersion = 10.0.40219.1
Project("{9A19103F-16F7-4668-BE54-9A1E7A4F7556}") = "ExifPhotoReader", "ExifPhotoReader.csproj", "{39AB1D5B-7627-4CF3-8322-543C45BF5D8F}"
EndProject
Project("{9A19103F-16F7-4668-BE54-9A1E7A4F7556}") = "ConsoleTeste", "..\..\ConsoleTeste\ConsoleTeste.csproj", "{33FC8C65-9267-44FE-8449-B2F173FE0071}"
EndProject
Global
	GlobalSection(SolutionConfigurationPlatforms) = preSolution
		Debug|Any CPU = Debug|Any CPU
		Release|Any CPU = Release|Any CPU
	EndGlobalSection
	GlobalSection(ProjectConfigurationPlatforms) = postSolution
		{39AB1D5B-7627-4CF3-8322-543C45BF5D8F}.Debug|Any CPU.ActiveCfg = Debug|Any CPU
		{39AB1D5B-7627-4CF3-8322-543C45BF5D8F}.Debug|Any CPU.Build.0 = Debug|Any CPU
		{39AB1D5B-7627-4CF3-8322-543C45BF5D8F}.Release|Any CPU.ActiveCfg = Release|Any CPU
		{39AB1D5B-7627-4CF3-8322-543C45BF5D8F}.Release|Any CPU.Build.0 = Release|Any CPU
		{33FC8C65-9267-44FE-8449-B2F173FE0071}.Debug|Any CPU.ActiveCfg = Debug|Any CPU
		{33FC8C65-9267-44FE-8449-B2F173FE0071}.Debug|Any CPU.Build.0 = Debug|Any CPU
		{33FC8C65-9267-44FE-8449-B2F173FE0071}.Release|Any CPU.ActiveCfg = Release|Any CPU
		{33FC8C65-9267-44FE-8449-B2F173FE0071}.Release|Any CPU.Build.0 = Release|Any CPU
	EndGlobalSection
	GlobalSection(SolutionProperties) = preSolution
		HideSolutionNode = FALSE
	EndGlobalSection
	GlobalSection(ExtensibilityGlobals) = postSolution
		SolutionGuid = {06C466FD-53EC-485B-BE4F-59DDC896E32F}
	EndGlobalSection
EndGlobal
